
Microsoft Visual Studio Solution File, Format Version 12.00
# Visual Studio 15
VisualStudioVersion = 15.0.26124.0
MinimumVisualStudioVersion = 15.0.26124.0
Project("{FAE04EC0-301F-11D3-BF4B-00C04F79EFBC}") = "SecretsMan", "SecretsMan\SecretsMan.csproj", "{589EABE4-FF26-4CDC-8E52-BFB1FDA915CA}"
EndProject
Project("{FAE04EC0-301F-11D3-BF4B-00C04F79EFBC}") = "SecretsMan.Tests", "SecretsMan.Tests\SecretsMan.Tests.csproj", "{90496FD4-3B96-4932-9048-936529A37BC8}"
EndProject
Project("{FAE04EC0-301F-11D3-BF4B-00C04F79EFBC}") = "SecretsMan.Jwt", "SecretsMan.Jwt\SecretsMan.Jwt.csproj", "{E0B1CCF2-2530-4DAD-96BA-15444016DE67}"
EndProject
Global
	GlobalSection(SolutionConfigurationPlatforms) = preSolution
		Debug|Any CPU = Debug|Any CPU
		Debug|x64 = Debug|x64
		Debug|x86 = Debug|x86
		Release|Any CPU = Release|Any CPU
		Release|x64 = Release|x64
		Release|x86 = Release|x86
	EndGlobalSection
	GlobalSection(SolutionProperties) = preSolution
		HideSolutionNode = FALSE
	EndGlobalSection
	GlobalSection(ProjectConfigurationPlatforms) = postSolution
		{589EABE4-FF26-4CDC-8E52-BFB1FDA915CA}.Debug|Any CPU.ActiveCfg = Debug|Any CPU
		{589EABE4-FF26-4CDC-8E52-BFB1FDA915CA}.Debug|Any CPU.Build.0 = Debug|Any CPU
		{589EABE4-FF26-4CDC-8E52-BFB1FDA915CA}.Debug|x64.ActiveCfg = Debug|Any CPU
		{589EABE4-FF26-4CDC-8E52-BFB1FDA915CA}.Debug|x64.Build.0 = Debug|Any CPU
		{589EABE4-FF26-4CDC-8E52-BFB1FDA915CA}.Debug|x86.ActiveCfg = Debug|Any CPU
		{589EABE4-FF26-4CDC-8E52-BFB1FDA915CA}.Debug|x86.Build.0 = Debug|Any CPU
		{589EABE4-FF26-4CDC-8E52-BFB1FDA915CA}.Release|Any CPU.ActiveCfg = Release|Any CPU
		{589EABE4-FF26-4CDC-8E52-BFB1FDA915CA}.Release|Any CPU.Build.0 = Release|Any CPU
		{589EABE4-FF26-4CDC-8E52-BFB1FDA915CA}.Release|x64.ActiveCfg = Release|Any CPU
		{589EABE4-FF26-4CDC-8E52-BFB1FDA915CA}.Release|x64.Build.0 = Release|Any CPU
		{589EABE4-FF26-4CDC-8E52-BFB1FDA915CA}.Release|x86.ActiveCfg = Release|Any CPU
		{589EABE4-FF26-4CDC-8E52-BFB1FDA915CA}.Release|x86.Build.0 = Release|Any CPU
		{90496FD4-3B96-4932-9048-936529A37BC8}.Debug|Any CPU.ActiveCfg = Debug|Any CPU
		{90496FD4-3B96-4932-9048-936529A37BC8}.Debug|Any CPU.Build.0 = Debug|Any CPU
		{90496FD4-3B96-4932-9048-936529A37BC8}.Debug|x64.ActiveCfg = Debug|Any CPU
		{90496FD4-3B96-4932-9048-936529A37BC8}.Debug|x64.Build.0 = Debug|Any CPU
		{90496FD4-3B96-4932-9048-936529A37BC8}.Debug|x86.ActiveCfg = Debug|Any CPU
		{90496FD4-3B96-4932-9048-936529A37BC8}.Debug|x86.Build.0 = Debug|Any CPU
		{90496FD4-3B96-4932-9048-936529A37BC8}.Release|Any CPU.ActiveCfg = Release|Any CPU
		{90496FD4-3B96-4932-9048-936529A37BC8}.Release|Any CPU.Build.0 = Release|Any CPU
		{90496FD4-3B96-4932-9048-936529A37BC8}.Release|x64.ActiveCfg = Release|Any CPU
		{90496FD4-3B96-4932-9048-936529A37BC8}.Release|x64.Build.0 = Release|Any CPU
		{90496FD4-3B96-4932-9048-936529A37BC8}.Release|x86.ActiveCfg = Release|Any CPU
		{90496FD4-3B96-4932-9048-936529A37BC8}.Release|x86.Build.0 = Release|Any CPU
		{E0B1CCF2-2530-4DAD-96BA-15444016DE67}.Debug|Any CPU.ActiveCfg = Debug|Any CPU
		{E0B1CCF2-2530-4DAD-96BA-15444016DE67}.Debug|Any CPU.Build.0 = Debug|Any CPU
		{E0B1CCF2-2530-4DAD-96BA-15444016DE67}.Debug|x64.ActiveCfg = Debug|Any CPU
		{E0B1CCF2-2530-4DAD-96BA-15444016DE67}.Debug|x64.Build.0 = Debug|Any CPU
		{E0B1CCF2-2530-4DAD-96BA-15444016DE67}.Debug|x86.ActiveCfg = Debug|Any CPU
		{E0B1CCF2-2530-4DAD-96BA-15444016DE67}.Debug|x86.Build.0 = Debug|Any CPU
		{E0B1CCF2-2530-4DAD-96BA-15444016DE67}.Release|Any CPU.ActiveCfg = Release|Any CPU
		{E0B1CCF2-2530-4DAD-96BA-15444016DE67}.Release|Any CPU.Build.0 = Release|Any CPU
		{E0B1CCF2-2530-4DAD-96BA-15444016DE67}.Release|x64.ActiveCfg = Release|Any CPU
		{E0B1CCF2-2530-4DAD-96BA-15444016DE67}.Release|x64.Build.0 = Release|Any CPU
		{E0B1CCF2-2530-4DAD-96BA-15444016DE67}.Release|x86.ActiveCfg = Release|Any CPU
		{E0B1CCF2-2530-4DAD-96BA-15444016DE67}.Release|x86.Build.0 = Release|Any CPU
	EndGlobalSection
EndGlobal
